
Microsoft Visual Studio Solution File, Format Version 12.00
# Visual Studio 2012
Project("{8BC9CEB8-8B4A-11D0-8D11-00A0C91BC942}") = "ReadObjTest", "ReadObjTest\ReadObjTest.vcxproj", "{C6E1B3F5-75EA-4FA8-AF48-FC832F9A62FD}"
EndProject
Global
	GlobalSection(SolutionConfigurationPlatforms) = preSolution
		Debug|Win32 = Debug|Win32
		Release|Win32 = Release|Win32
	EndGlobalSection
	GlobalSection(ProjectConfigurationPlatforms) = postSolution
		{C6E1B3F5-75EA-4FA8-AF48-FC832F9A62FD}.Debug|Win32.ActiveCfg = Debug|Win32
		{C6E1B3F5-75EA-4FA8-AF48-FC832F9A62FD}.Debug|Win32.Build.0 = Debug|Win32
		{C6E1B3F5-75EA-4FA8-AF48-FC832F9A62FD}.Release|Win32.ActiveCfg = Release|Win32
		{C6E1B3F5-75EA-4FA8-AF48-FC832F9A62FD}.Release|Win32.Build.0 = Release|Win32
	EndGlobalSection
	GlobalSection(SolutionProperties) = preSolution
		HideSolutionNode = FALSE
	EndGlobalSection
EndGlobal
